
Microsoft Visual Studio Solution File, Format Version 12.00
# Visual Studio 2013
VisualStudioVersion = 12.0.30723.0
MinimumVisualStudioVersion = 10.0.40219.1
Project("{FAE04EC0-301F-11D3-BF4B-00C04F79EFBC}") = "SignalR.RXHubs", "SignalR.RXHubs\SignalR.RXHubs.csproj", "{D3646EFA-1CB6-4CF6-83C7-1963525FC3F0}"
EndProject
Project("{FAE04EC0-301F-11D3-BF4B-00C04F79EFBC}") = "SignalR.RXHubs.Sample.JSClient", "SignalR.RXHubs.Sample.JSClient\SignalR.RXHubs.Sample.JSClient.csproj", "{31A6DF56-6042-4C21-9F3F-F72C723232E0}"
EndProject
Project("{FAE04EC0-301F-11D3-BF4B-00C04F79EFBC}") = "SignalR.RXHubs.Sample.Client", "SignalR.RXHubs.Sample.Client\SignalR.RXHubs.Sample.Client.csproj", "{9AADAB0F-EEF8-4C14-95D9-B320B536C69D}"
EndProject
Project("{FAE04EC0-301F-11D3-BF4B-00C04F79EFBC}") = "SignalR.RXHubs.Sample.Contract", "SignalR.RXHubs.Sample.Contract\SignalR.RXHubs.Sample.Contract.csproj", "{2C5AF590-B245-411B-B406-514C1E4DB87F}"
EndProject
Project("{FAE04EC0-301F-11D3-BF4B-00C04F79EFBC}") = "SignalR.RXHubs.Sample.Server", "SignalR.RXHubs.Sample.Server\SignalR.RXHubs.Sample.Server.csproj", "{DA497549-8DBD-4FB1-B1D8-F780CCAA8929}"
EndProject
Project("{2150E333-8FDC-42A3-9474-1A3956D46DE8}") = ".nuget", ".nuget", "{36101962-EA9C-48C6-B215-122D230B042F}"
	ProjectSection(SolutionItems) = preProject
		.nuget\packages.config = .nuget\packages.config
	EndProjectSection
EndProject
Project("{FAE04EC0-301F-11D3-BF4B-00C04F79EFBC}") = "SignalR.RXHubs.Core", "SignalR.RXHubs.Core\SignalR.RXHubs.Core.csproj", "{2055116D-D045-477D-8D4C-11374E4F15A7}"
EndProject
Project("{FAE04EC0-301F-11D3-BF4B-00C04F79EFBC}") = "SignalR.RXHubs.Client", "SignalR.RXHubs.Client\SignalR.RXHubs.Client.csproj", "{60377279-711D-427E-839F-5B359CD29288}"
EndProject
Project("{2150E333-8FDC-42A3-9474-1A3956D46DE8}") = "Solution Items", "Solution Items", "{05CE678A-72F6-479C-9577-18C57CA25361}"
	ProjectSection(SolutionItems) = preProject
		LICENSE.txt = LICENSE.txt
		Readme.md = Readme.md
	EndProjectSection
EndProject
Project("{FAE04EC0-301F-11D3-BF4B-00C04F79EFBC}") = "SignalR.RXHubs.Autofac", "SignalR.RXHubs.Autofac\SignalR.RXHubs.Autofac.csproj", "{2F3B7607-0C8D-41A5-8E42-4AF0C522BB15}"
EndProject
Project("{FAE04EC0-301F-11D3-BF4B-00C04F79EFBC}") = "SignalR.RXHubs.Tests", "SignalR.RXHubs.Tests\SignalR.RXHubs.Tests.csproj", "{D44C2F4F-C2F6-4143-BC23-EE7DC8BAA702}"
EndProject
Project("{2150E333-8FDC-42A3-9474-1A3956D46DE8}") = "Nuspec", "Nuspec", "{C553FD75-1F4B-4AD5-82E1-2C1FDB1ECB2F}"
EndProject
Project("{2150E333-8FDC-42A3-9474-1A3956D46DE8}") = "SignalR.RXHubs.Core", "SignalR.RXHubs.Core", "{4E730238-E15B-49EF-8AEB-A12BACFF7B79}"
	ProjectSection(SolutionItems) = preProject
		SignalR.RXHubs.Core.nuspec = SignalR.RXHubs.Core.nuspec
	EndProjectSection
EndProject
Global
	GlobalSection(SolutionConfigurationPlatforms) = preSolution
		Debug|Any CPU = Debug|Any CPU
		Release|Any CPU = Release|Any CPU
	EndGlobalSection
	GlobalSection(ProjectConfigurationPlatforms) = postSolution
		{D3646EFA-1CB6-4CF6-83C7-1963525FC3F0}.Debug|Any CPU.ActiveCfg = Debug|Any CPU
		{D3646EFA-1CB6-4CF6-83C7-1963525FC3F0}.Debug|Any CPU.Build.0 = Debug|Any CPU
		{D3646EFA-1CB6-4CF6-83C7-1963525FC3F0}.Release|Any CPU.ActiveCfg = Release|Any CPU
		{D3646EFA-1CB6-4CF6-83C7-1963525FC3F0}.Release|Any CPU.Build.0 = Release|Any CPU
		{31A6DF56-6042-4C21-9F3F-F72C723232E0}.Debug|Any CPU.ActiveCfg = Debug|Any CPU
		{31A6DF56-6042-4C21-9F3F-F72C723232E0}.Debug|Any CPU.Build.0 = Debug|Any CPU
		{31A6DF56-6042-4C21-9F3F-F72C723232E0}.Release|Any CPU.ActiveCfg = Release|Any CPU
		{31A6DF56-6042-4C21-9F3F-F72C723232E0}.Release|Any CPU.Build.0 = Release|Any CPU
		{9AADAB0F-EEF8-4C14-95D9-B320B536C69D}.Debug|Any CPU.ActiveCfg = Debug|Any CPU
		{9AADAB0F-EEF8-4C14-95D9-B320B536C69D}.Debug|Any CPU.Build.0 = Debug|Any CPU
		{9AADAB0F-EEF8-4C14-95D9-B320B536C69D}.Release|Any CPU.ActiveCfg = Release|Any CPU
		{9AADAB0F-EEF8-4C14-95D9-B320B536C69D}.Release|Any CPU.Build.0 = Release|Any CPU
		{2C5AF590-B245-411B-B406-514C1E4DB87F}.Debug|Any CPU.ActiveCfg = Debug|Any CPU
		{2C5AF590-B245-411B-B406-514C1E4DB87F}.Debug|Any CPU.Build.0 = Debug|Any CPU
		{2C5AF590-B245-411B-B406-514C1E4DB87F}.Release|Any CPU.ActiveCfg = Release|Any CPU
		{2C5AF590-B245-411B-B406-514C1E4DB87F}.Release|Any CPU.Build.0 = Release|Any CPU
		{DA497549-8DBD-4FB1-B1D8-F780CCAA8929}.Debug|Any CPU.ActiveCfg = Debug|Any CPU
		{DA497549-8DBD-4FB1-B1D8-F780CCAA8929}.Debug|Any CPU.Build.0 = Debug|Any CPU
		{DA497549-8DBD-4FB1-B1D8-F780CCAA8929}.Release|Any CPU.ActiveCfg = Release|Any CPU
		{DA497549-8DBD-4FB1-B1D8-F780CCAA8929}.Release|Any CPU.Build.0 = Release|Any CPU
		{2055116D-D045-477D-8D4C-11374E4F15A7}.Debug|Any CPU.ActiveCfg = Debug|Any CPU
		{2055116D-D045-477D-8D4C-11374E4F15A7}.Debug|Any CPU.Build.0 = Debug|Any CPU
		{2055116D-D045-477D-8D4C-11374E4F15A7}.Release|Any CPU.ActiveCfg = Release|Any CPU
		{2055116D-D045-477D-8D4C-11374E4F15A7}.Release|Any CPU.Build.0 = Release|Any CPU
		{60377279-711D-427E-839F-5B359CD29288}.Debug|Any CPU.ActiveCfg = Debug|Any CPU
		{60377279-711D-427E-839F-5B359CD29288}.Debug|Any CPU.Build.0 = Debug|Any CPU
		{60377279-711D-427E-839F-5B359CD29288}.Release|Any CPU.ActiveCfg = Release|Any CPU
		{60377279-711D-427E-839F-5B359CD29288}.Release|Any CPU.Build.0 = Release|Any CPU
		{2F3B7607-0C8D-41A5-8E42-4AF0C522BB15}.Debug|Any CPU.ActiveCfg = Debug|Any CPU
		{2F3B7607-0C8D-41A5-8E42-4AF0C522BB15}.Debug|Any CPU.Build.0 = Debug|Any CPU
		{2F3B7607-0C8D-41A5-8E42-4AF0C522BB15}.Release|Any CPU.ActiveCfg = Release|Any CPU
		{2F3B7607-0C8D-41A5-8E42-4AF0C522BB15}.Release|Any CPU.Build.0 = Release|Any CPU
		{D44C2F4F-C2F6-4143-BC23-EE7DC8BAA702}.Debug|Any CPU.ActiveCfg = Debug|Any CPU
		{D44C2F4F-C2F6-4143-BC23-EE7DC8BAA702}.Debug|Any CPU.Build.0 = Debug|Any CPU
		{D44C2F4F-C2F6-4143-BC23-EE7DC8BAA702}.Release|Any CPU.ActiveCfg = Release|Any CPU
		{D44C2F4F-C2F6-4143-BC23-EE7DC8BAA702}.Release|Any CPU.Build.0 = Release|Any CPU
	EndGlobalSection
	GlobalSection(SolutionProperties) = preSolution
		HideSolutionNode = FALSE
	EndGlobalSection
	GlobalSection(NestedProjects) = preSolution
		{4E730238-E15B-49EF-8AEB-A12BACFF7B79} = {C553FD75-1F4B-4AD5-82E1-2C1FDB1ECB2F}
	EndGlobalSection
EndGlobal
